
Microsoft Visual Studio Solution File, Format Version 12.00
# Visual Studio Version 17
VisualStudioVersion = 17.14.36202.13
MinimumVisualStudioVersion = 10.0.40219.1
Project("{FAE04EC0-301F-11D3-BF4B-00C04F79EFBC}") = "SileroVad", "SileroVad\SileroVad.csproj", "{BE4B894F-4B4C-0B80-C555-E0541A57ED9A}"
EndProject
Project("{FAE04EC0-301F-11D3-BF4B-00C04F79EFBC}") = "SileroVad.Examples", "SileroVad.Examples\SileroVad.Examples.csproj", "{B68BB008-6B26-900D-5B91-E5CE4FDA2C6F}"
EndProject
Global
	GlobalSection(SolutionConfigurationPlatforms) = preSolution
		Debug|Any CPU = Debug|Any CPU
		Release|Any CPU = Release|Any CPU
	EndGlobalSection
	GlobalSection(ProjectConfigurationPlatforms) = postSolution
		{BE4B894F-4B4C-0B80-C555-E0541A57ED9A}.Debug|Any CPU.ActiveCfg = Debug|Any CPU
		{BE4B894F-4B4C-0B80-C555-E0541A57ED9A}.Debug|Any CPU.Build.0 = Debug|Any CPU
		{BE4B894F-4B4C-0B80-C555-E0541A57ED9A}.Release|Any CPU.ActiveCfg = Release|Any CPU
		{BE4B894F-4B4C-0B80-C555-E0541A57ED9A}.Release|Any CPU.Build.0 = Release|Any CPU
		{B68BB008-6B26-900D-5B91-E5CE4FDA2C6F}.Debug|Any CPU.ActiveCfg = Debug|Any CPU
		{B68BB008-6B26-900D-5B91-E5CE4FDA2C6F}.Debug|Any CPU.Build.0 = Debug|Any CPU
		{B68BB008-6B26-900D-5B91-E5CE4FDA2C6F}.Release|Any CPU.ActiveCfg = Release|Any CPU
		{B68BB008-6B26-900D-5B91-E5CE4FDA2C6F}.Release|Any CPU.Build.0 = Release|Any CPU
	EndGlobalSection
	GlobalSection(SolutionProperties) = preSolution
		HideSolutionNode = FALSE
	EndGlobalSection
	GlobalSection(ExtensibilityGlobals) = postSolution
		SolutionGuid = {F63531B6-17E5-4042-8C82-179BB1A96ECA}
	EndGlobalSection
EndGlobal
